
Microsoft Visual Studio Solution File, Format Version 12.00
# Visual Studio Version 17
VisualStudioVersion = 17.11.35219.272
MinimumVisualStudioVersion = 10.0.40219.1
Project("{8BC9CEB8-8B4A-11D0-8D11-00A0C91BC942}") = "Peer-to-Peer-OpenGL-Whiteboard-Application", "Peer-to-Peer-OpenGL-Whiteboard-Application.vcxproj", "{9FCE9CB1-2A09-47AF-916A-DF2257DA5242}"
EndProject
Global
	GlobalSection(SolutionConfigurationPlatforms) = preSolution
		Debug|x64 = Debug|x64
		Debug|x86 = Debug|x86
		Release|x64 = Release|x64
		Release|x86 = Release|x86
	EndGlobalSection
	GlobalSection(ProjectConfigurationPlatforms) = postSolution
		{9FCE9CB1-2A09-47AF-916A-DF2257DA5242}.Debug|x64.ActiveCfg = Debug|x64
		{9FCE9CB1-2A09-47AF-916A-DF2257DA5242}.Debug|x64.Build.0 = Debug|x64
		{9FCE9CB1-2A09-47AF-916A-DF2257DA5242}.Debug|x86.ActiveCfg = Debug|Win32
		{9FCE9CB1-2A09-47AF-916A-DF2257DA5242}.Debug|x86.Build.0 = Debug|Win32
		{9FCE9CB1-2A09-47AF-916A-DF2257DA5242}.Release|x64.ActiveCfg = Release|x64
		{9FCE9CB1-2A09-47AF-916A-DF2257DA5242}.Release|x64.Build.0 = Release|x64
		{9FCE9CB1-2A09-47AF-916A-DF2257DA5242}.Release|x86.ActiveCfg = Release|Win32
		{9FCE9CB1-2A09-47AF-916A-DF2257DA5242}.Release|x86.Build.0 = Release|Win32
	EndGlobalSection
	GlobalSection(SolutionProperties) = preSolution
		HideSolutionNode = FALSE
	EndGlobalSection
	GlobalSection(ExtensibilityGlobals) = postSolution
		SolutionGuid = {F4E13943-E0C8-4FD2-B122-8B12C4E7DCBC}
	EndGlobalSection
EndGlobal
